
Microsoft Visual Studio Solution File, Format Version 12.00
# Visual Studio 15
VisualStudioVersion = 15.0.27004.2009
MinimumVisualStudioVersion = 10.0.40219.1
Project("{FAE04EC0-301F-11D3-BF4B-00C04F79EFBC}") = "MapBuilder", "MapBuilder\MapBuilder.csproj", "{9E0C24BA-532B-4568-BAC3-D937E8C156AE}"
EndProject
Global
	GlobalSection(SolutionConfigurationPlatforms) = preSolution
		Debug|Any CPU = Debug|Any CPU
		Release|Any CPU = Release|Any CPU
	EndGlobalSection
	GlobalSection(ProjectConfigurationPlatforms) = postSolution
		{9E0C24BA-532B-4568-BAC3-D937E8C156AE}.Debug|Any CPU.ActiveCfg = Debug|Any CPU
		{9E0C24BA-532B-4568-BAC3-D937E8C156AE}.Debug|Any CPU.Build.0 = Debug|Any CPU
		{9E0C24BA-532B-4568-BAC3-D937E8C156AE}.Release|Any CPU.ActiveCfg = Release|Any CPU
		{9E0C24BA-532B-4568-BAC3-D937E8C156AE}.Release|Any CPU.Build.0 = Release|Any CPU
	EndGlobalSection
	GlobalSection(SolutionProperties) = preSolution
		HideSolutionNode = FALSE
	EndGlobalSection
	GlobalSection(ExtensibilityGlobals) = postSolution
		SolutionGuid = {F54EF97E-B1BF-4867-889F-4A6B815F6B3E}
	EndGlobalSection
EndGlobal
